
Microsoft Visual Studio Solution File, Format Version 12.00
# Visual Studio Version 17
VisualStudioVersion = 17.6.33829.357
MinimumVisualStudioVersion = 10.0.40219.1
Project("{9A19103F-16F7-4668-BE54-9A1E7A4F7556}") = "GreenChoice.Application", "GreenChoice.Application\GreenChoice.Application.csproj", "{261B8B2B-7B53-49CA-9FAF-147AAF362F57}"
EndProject
Project("{FAE04EC0-301F-11D3-BF4B-00C04F79EFBC}") = "GreenChoice.Domain", "GreenChoice.Domain\GreenChoice.Domain.csproj", "{631792B4-0FAA-4C58-BE45-A8E9623D5B9A}"
EndProject
Project("{FAE04EC0-301F-11D3-BF4B-00C04F79EFBC}") = "GreenChoice.Infrastructure", "GreenChoice.Infrastructure\GreenChoice.Infrastructure.csproj", "{5554CE19-0D6F-4707-B637-FABE0278D0A6}"
EndProject
Project("{FAE04EC0-301F-11D3-BF4B-00C04F79EFBC}") = "GreenChoice.Persistance", "GreenChoice.Persistance\GreenChoice.Persistance.csproj", "{BE9FFF15-8A04-46ED-A4FA-EF444B9F1F34}"
EndProject
Project("{FAE04EC0-301F-11D3-BF4B-00C04F79EFBC}") = "GreenChoice.WebApi", "GreenChoice.WebApi\GreenChoice.WebApi.csproj", "{E7D7450D-C9AE-43D7-AC57-DA7F5AEA4A32}"
EndProject
Global
	GlobalSection(SolutionConfigurationPlatforms) = preSolution
		Debug|Any CPU = Debug|Any CPU
		Release|Any CPU = Release|Any CPU
	EndGlobalSection
	GlobalSection(ProjectConfigurationPlatforms) = postSolution
		{261B8B2B-7B53-49CA-9FAF-147AAF362F57}.Debug|Any CPU.ActiveCfg = Debug|Any CPU
		{261B8B2B-7B53-49CA-9FAF-147AAF362F57}.Debug|Any CPU.Build.0 = Debug|Any CPU
		{261B8B2B-7B53-49CA-9FAF-147AAF362F57}.Release|Any CPU.ActiveCfg = Release|Any CPU
		{261B8B2B-7B53-49CA-9FAF-147AAF362F57}.Release|Any CPU.Build.0 = Release|Any CPU
		{631792B4-0FAA-4C58-BE45-A8E9623D5B9A}.Debug|Any CPU.ActiveCfg = Debug|Any CPU
		{631792B4-0FAA-4C58-BE45-A8E9623D5B9A}.Debug|Any CPU.Build.0 = Debug|Any CPU
		{631792B4-0FAA-4C58-BE45-A8E9623D5B9A}.Release|Any CPU.ActiveCfg = Release|Any CPU
		{631792B4-0FAA-4C58-BE45-A8E9623D5B9A}.Release|Any CPU.Build.0 = Release|Any CPU
		{5554CE19-0D6F-4707-B637-FABE0278D0A6}.Debug|Any CPU.ActiveCfg = Debug|Any CPU
		{5554CE19-0D6F-4707-B637-FABE0278D0A6}.Debug|Any CPU.Build.0 = Debug|Any CPU
		{5554CE19-0D6F-4707-B637-FABE0278D0A6}.Release|Any CPU.ActiveCfg = Release|Any CPU
		{5554CE19-0D6F-4707-B637-FABE0278D0A6}.Release|Any CPU.Build.0 = Release|Any CPU
		{BE9FFF15-8A04-46ED-A4FA-EF444B9F1F34}.Debug|Any CPU.ActiveCfg = Debug|Any CPU
		{BE9FFF15-8A04-46ED-A4FA-EF444B9F1F34}.Debug|Any CPU.Build.0 = Debug|Any CPU
		{BE9FFF15-8A04-46ED-A4FA-EF444B9F1F34}.Release|Any CPU.ActiveCfg = Release|Any CPU
		{BE9FFF15-8A04-46ED-A4FA-EF444B9F1F34}.Release|Any CPU.Build.0 = Release|Any CPU
		{E7D7450D-C9AE-43D7-AC57-DA7F5AEA4A32}.Debug|Any CPU.ActiveCfg = Debug|Any CPU
		{E7D7450D-C9AE-43D7-AC57-DA7F5AEA4A32}.Debug|Any CPU.Build.0 = Debug|Any CPU
		{E7D7450D-C9AE-43D7-AC57-DA7F5AEA4A32}.Release|Any CPU.ActiveCfg = Release|Any CPU
		{E7D7450D-C9AE-43D7-AC57-DA7F5AEA4A32}.Release|Any CPU.Build.0 = Release|Any CPU
	EndGlobalSection
	GlobalSection(SolutionProperties) = preSolution
		HideSolutionNode = FALSE
	EndGlobalSection
	GlobalSection(ExtensibilityGlobals) = postSolution
		SolutionGuid = {D7E3B3D7-4987-4E04-B7FA-25F249D4A16A}
	EndGlobalSection
EndGlobal
